github.com/deckarep/golang-set/v2 v2.1.0 h1:g47V4Or+DUdzbs8FxCCmgb6VYd+ptPAngjM6dtGktsI=
github.com/deckarep/golang-set/v2 v2.1.0/go.mod h1:VAky9rY/yGXJOLEDv3OMci+7wtDpOF4IN+y82NBOac4=
golang.org/x/exp v0.0.0-20221207211629-99ab8fa1c11f h1:90Jq/vvGVDsqj8QqCynjFw9MCerDguSMODLYII416Y8=
golang.org/x/exp v0.0.0-20221207211629-99ab8fa1c11f/go.mod h1:CxIveKay+FTh1D0yPZemJVgC/95VzuuOLq5Qi4xnoYc=
